// !$*UTF8*$!
{
	archiveVersion = 1;
	classes = {
	};
	objectVersion = 48;
	objects = {

/* Begin PBXBuildFile section */
		9F299FA420298376001A179A /* AppDelegate.m in Sources */ = {isa = PBXBuildFile; fileRef = 9F299FA320298376001A179A /* AppDelegate.m */; };
		9F299FA720298376001A179A /* ViewController.m in Sources */ = {isa = PBXBuildFile; fileRef = 9F299FA620298376001A179A /* ViewController.m */; };
		9F299FAA20298376001A179A /* Main.storyboard in Resources */ = {isa = PBXBuildFile; fileRef = 9F299FA820298376001A179A /* Main.storyboard */; };
		9F299FAC20298376001A179A /* Assets.xcassets in Resources */ = {isa = PBXBuildFile; fileRef = 9F299FAB20298376001A179A /* Assets.xcassets */; };
		9F299FAF20298376001A179A /* LaunchScreen.storyboard in Resources */ = {isa = PBXBuildFile; fileRef = 9F299FAD20298376001A179A /* LaunchScreen.storyboard */; };
		9F299FB220298376001A179A /* main.m in Sources */ = {isa = PBXBuildFile; fileRef = 9F299FB120298376001A179A /* main.m */; };
		9F299FBC20298376001A179A /* MethodSwizzlingDemoTests.m in Sources */ = {isa = PBXBuildFile; fileRef = 9F299FBB20298376001A179A /* MethodSwizzlingDemoTests.m */; };
		9F299FC720298376001A179A /* MethodSwizzlingDemoUITests.m in Sources */ = {isa = PBXBuildFile; fileRef = 9F299FC620298376001A179A /* MethodSwizzlingDemoUITests.m */; };
		9F299FD6202993AA001A179A /* MSFirstViewController.m in Sources */ = {isa = PBXBuildFile; fileRef = 9F299FD5202993AA001A179A /* MSFirstViewController.m */; };
		9F299FD9202993F4001A179A /* MSSecondViewController.m in Sources */ = {isa = PBXBuildFile; fileRef = 9F299FD8202993F4001A179A /* MSSecondViewController.m */; };
		9F299FDC20299400001A179A /* MSThirdViewController.m in Sources */ = {isa = PBXBuildFile; fileRef = 9F299FDB20299400001A179A /* MSThirdViewController.m */; };
		9F299FDF20299420001A179A /* MSFourthViewController.m in Sources */ = {isa = PBXBuildFile; fileRef = 9F299FDE20299420001A179A /* MSFourthViewController.m */; };
		9F299FE220299432001A179A /* MSFifthViewController.m in Sources */ = {isa = PBXBuildFile; fileRef = 9F299FE120299432001A179A /* MSFifthViewController.m */; };
		9F299FE520299879001A179A /* UIViewController+MethodSwizzling.m in Sources */ = {isa = PBXBuildFile; fileRef = 9F299FE420299879001A179A /* UIViewController+MethodSwizzling.m */; };
/* End PBXBuildFile section */

/* Begin PBXContainerItemProxy section */
		9F299FB820298376001A179A /* PBXContainerItemProxy */ = {
			isa = PBXContainerItemProxy;
			containerPortal = 9F299F9720298376001A179A /* Project object */;
			proxyType = 1;
			remoteGlobalIDString = 9F299F9E20298376001A179A;
			remoteInfo = MethodSwizzlingDemo;
		};
		9F299FC320298376001A179A /* PBXContainerItemProxy */ = {
			isa = PBXContainerItemProxy;
			containerPortal = 9F299F9720298376001A179A /* Project object */;
			proxyType = 1;
			remoteGlobalIDString = 9F299F9E20298376001A179A;
			remoteInfo = MethodSwizzlingDemo;
		};
/* End PBXContainerItemProxy section */

/* Begin PBXFileReference section */
		9F299F9F20298376001A179A /* MethodSwizzlingDemo.app */ = {isa = PBXFileReference; explicitFileType = wrapper.application; includeInIndex = 0; path = MethodSwizzlingDemo.app; sourceTree = BUILT_PRODUCTS_DIR; };
		9F299FA220298376001A179A /* AppDelegate.h */ = {isa = PBXFileReference; lastKnownFileType = sourcecode.c.h; path = AppDelegate.h; sourceTree = "<group>"; };
		9F299FA320298376001A179A /* AppDelegate.m */ = {isa = PBXFileReference; lastKnownFileType = sourcecode.c.objc; path = AppDelegate.m; sourceTree = "<group>"; };
		9F299FA520298376001A179A /* ViewController.h */ = {isa = PBXFileReference; lastKnownFileType = sourcecode.c.h; path = ViewController.h; sourceTree = "<group>"; };
		9F299FA620298376001A179A /* ViewController.m */ = {isa = PBXFileReference; lastKnownFileType = sourcecode.c.objc; path = ViewController.m; sourceTree = "<group>"; };
		9F299FA920298376001A179A /* Base */ = {isa = PBXFileReference; lastKnownFileType = file.storyboard; name = Base; path = Base.lproj/Main.storyboard; sourceTree = "<group>"; };
		9F299FAB20298376001A179A /* Assets.xcassets */ = {isa = PBXFileReference; lastKnownFileType = folder.assetcatalog; path = Assets.xcassets; sourceTree = "<group>"; };
		9F299FAE20298376001A179A /* Base */ = {isa = PBXFileReference; lastKnownFileType = file.storyboard; name = Base; path = Base.lproj/LaunchScreen.storyboard; sourceTree = "<group>"; };
		9F299FB020298376001A179A /* Info.plist */ = {isa = PBXFileReference; lastKnownFileType = text.plist.xml; path = Info.plist; sourceTree = "<group>"; };
		9F299FB120298376001A179A /* main.m */ = {isa = PBXFileReference; lastKnownFileType = sourcecode.c.objc; path = main.m; sourceTree = "<group>"; };
		9F299FB720298376001A179A /* MethodSwizzlingDemoTests.xctest */ = {isa = PBXFileReference; explicitFileType = wrapper.cfbundle; includeInIndex = 0; path = MethodSwizzlingDemoTests.xctest; sourceTree = BUILT_PRODUCTS_DIR; };
		9F299FBB20298376001A179A /* MethodSwizzlingDemoTests.m */ = {isa = PBXFileReference; lastKnownFileType = sourcecode.c.objc; path = MethodSwizzlingDemoTests.m; sourceTree = "<group>"; };
		9F299FBD20298376001A179A /* Info.plist */ = {isa = PBXFileReference; lastKnownFileType = text.plist.xml; path = Info.plist; sourceTree = "<group>"; };
		9F299FC220298376001A179A /* MethodSwizzlingDemoUITests.xctest */ = {isa = PBXFileReference; explicitFileType = wrapper.cfbundle; includeInIndex = 0; path = MethodSwizzlingDemoUITests.xctest; sourceTree = BUILT_PRODUCTS_DIR; };
		9F299FC620298376001A179A /* MethodSwizzlingDemoUITests.m */ = {isa = PBXFileReference; lastKnownFileType = sourcecode.c.objc; path = MethodSwizzlingDemoUITests.m; sourceTree = "<group>"; };
		9F299FC820298376001A179A /* Info.plist */ = {isa = PBXFileReference; lastKnownFileType = text.plist.xml; path = Info.plist; sourceTree = "<group>"; };
		9F299FD4202993AA001A179A /* MSFirstViewController.h */ = {isa = PBXFileReference; lastKnownFileType = sourcecode.c.h; path = MSFirstViewController.h; sourceTree = "<group>"; };
		9F299FD5202993AA001A179A /* MSFirstViewController.m */ = {isa = PBXFileReference; lastKnownFileType = sourcecode.c.objc; path = MSFirstViewController.m; sourceTree = "<group>"; };
		9F299FD7202993F4001A179A /* MSSecondViewController.h */ = {isa = PBXFileReference; lastKnownFileType = sourcecode.c.h; path = MSSecondViewController.h; sourceTree = "<group>"; };
		9F299FD8202993F4001A179A /* MSSecondViewController.m */ = {isa = PBXFileReference; lastKnownFileType = sourcecode.c.objc; path = MSSecondViewController.m; sourceTree = "<group>"; };
		9F299FDA20299400001A179A /* MSThirdViewController.h */ = {isa = PBXFileReference; lastKnownFileType = sourcecode.c.h; path = MSThirdViewController.h; sourceTree = "<group>"; };
		9F299FDB20299400001A179A /* MSThirdViewController.m */ = {isa = PBXFileReference; lastKnownFileType = sourcecode.c.objc; path = MSThirdViewController.m; sourceTree = "<group>"; };
		9F299FDD20299420001A179A /* MSFourthViewController.h */ = {isa = PBXFileReference; lastKnownFileType = sourcecode.c.h; path = MSFourthViewController.h; sourceTree = "<group>"; };
		9F299FDE20299420001A179A /* MSFourthViewController.m */ = {isa = PBXFileReference; lastKnownFileType = sourcecode.c.objc; path = MSFourthViewController.m; sourceTree = "<group>"; };
		9F299FE020299432001A179A /* MSFifthViewController.h */ = {isa = PBXFileReference; lastKnownFileType = sourcecode.c.h; path = MSFifthViewController.h; sourceTree = "<group>"; };
		9F299FE120299432001A179A /* MSFifthViewController.m */ = {isa = PBXFileReference; lastKnownFileType = sourcecode.c.objc; path = MSFifthViewController.m; sourceTree = "<group>"; };
		9F299FE320299879001A179A /* UIViewController+MethodSwizzling.h */ = {isa = PBXFileReference; lastKnownFileType = sourcecode.c.h; path = "UIViewController+MethodSwizzling.h"; sourceTree = "<group>"; };
		9F299FE420299879001A179A /* UIViewController+MethodSwizzling.m */ = {isa = PBXFileReference; lastKnownFileType = sourcecode.c.objc; path = "UIViewController+MethodSwizzling.m"; sourceTree = "<group>"; };
/* End PBXFileReference section */

/* Begin PBXFrameworksBuildPhase section */
		9F299F9C20298376001A179A /* Frameworks */ = {
			isa = PBXFrameworksBuildPhase;
			buildActionMask = 2147483647;
			files = (
			);
			runOnlyForDeploymentPostprocessing = 0;
		};
		9F299FB420298376001A179A /* Frameworks */ = {
			isa = PBXFrameworksBuildPhase;
			buildActionMask = 2147483647;
			files = (
			);
			runOnlyForDeploymentPostprocessing = 0;
		};
		9F299FBF20298376001A179A /* Frameworks */ = {
			isa = PBXFrameworksBuildPhase;
			buildActionMask = 2147483647;
			files = (
			);
			runOnlyForDeploymentPostprocessing = 0;
		};
/* End PBXFrameworksBuildPhase section */

/* Begin PBXGroup section */
		9F299F9620298376001A179A = {
			isa = PBXGroup;
			children = (
				9F299FA120298376001A179A /* MethodSwizzlingDemo */,
				9F299FBA20298376001A179A /* MethodSwizzlingDemoTests */,
				9F299FC520298376001A179A /* MethodSwizzlingDemoUITests */,
				9F299FA020298376001A179A /* Products */,
			);
			sourceTree = "<group>";
		};
		9F299FA020298376001A179A /* Products */ = {
			isa = PBXGroup;
			children = (
				9F299F9F20298376001A179A /* MethodSwizzlingDemo.app */,
				9F299FB720298376001A179A /* MethodSwizzlingDemoTests.xctest */,
				9F299FC220298376001A179A /* MethodSwizzlingDemoUITests.xctest */,
			);
			name = Products;
			sourceTree = "<group>";
		};
		9F299FA120298376001A179A /* MethodSwizzlingDemo */ = {
			isa = PBXGroup;
			children = (
				9F299FA220298376001A179A /* AppDelegate.h */,
				9F299FA320298376001A179A /* AppDelegate.m */,
				9F299FA520298376001A179A /* ViewController.h */,
				9F299FA620298376001A179A /* ViewController.m */,
				9F299FD4202993AA001A179A /* MSFirstViewController.h */,
				9F299FD5202993AA001A179A /* MSFirstViewController.m */,
				9F299FD7202993F4001A179A /* MSSecondViewController.h */,
				9F299FD8202993F4001A179A /* MSSecondViewController.m */,
				9F299FDA20299400001A179A /* MSThirdViewController.h */,
				9F299FDB20299400001A179A /* MSThirdViewController.m */,
				9F299FDD20299420001A179A /* MSFourthViewController.h */,
				9F299FDE20299420001A179A /* MSFourthViewController.m */,
				9F299FE020299432001A179A /* MSFifthViewController.h */,
				9F299FE120299432001A179A /* MSFifthViewController.m */,
				9F299FE320299879001A179A /* UIViewController+MethodSwizzling.h */,
				9F299FE420299879001A179A /* UIViewController+MethodSwizzling.m */,
				9F299FA820298376001A179A /* Main.storyboard */,
				9F299FAB20298376001A179A /* Assets.xcassets */,
				9F299FAD20298376001A179A /* LaunchScreen.storyboard */,
				9F299FB020298376001A179A /* Info.plist */,
				9F299FB120298376001A179A /* main.m */,
			);
			path = MethodSwizzlingDemo;
			sourceTree = "<group>";
		};
		9F299FBA20298376001A179A /* MethodSwizzlingDemoTests */ = {
			isa = PBXGroup;
			children = (
				9F299FBB20298376001A179A /* MethodSwizzlingDemoTests.m */,
				9F299FBD20298376001A179A /* Info.plist */,
			);
			path = MethodSwizzlingDemoTests;
			sourceTree = "<group>";
		};
		9F299FC520298376001A179A /* MethodSwizzlingDemoUITests */ = {
			isa = PBXGroup;
			children = (
				9F299FC620298376001A179A /* MethodSwizzlingDemoUITests.m */,
				9F299FC820298376001A179A /* Info.plist */,
			);
			path = MethodSwizzlingDemoUITests;
			sourceTree = "<group>";
		};
/* End PBXGroup section */

/* Begin PBXNativeTarget section */
		9F299F9E20298376001A179A /* MethodSwizzlingDemo */ = {
			isa = PBXNativeTarget;
			buildConfigurationList = 9F299FCB20298376001A179A /* Build configuration list for PBXNativeTarget "MethodSwizzlingDemo" */;
			buildPhases = (
				9F299F9B20298376001A179A /* Sources */,
				9F299F9C20298376001A179A /* Frameworks */,
				9F299F9D20298376001A179A /* Resources */,
			);
			buildRules = (
			);
			dependencies = (
			);
			name = MethodSwizzlingDemo;
			productName = MethodSwizzlingDemo;
			productReference = 9F299F9F20298376001A179A /* MethodSwizzlingDemo.app */;
			productType = "com.apple.product-type.application";
		};
		9F299FB620298376001A179A /* MethodSwizzlingDemoTests */ = {
			isa = PBXNativeTarget;
			buildConfigurationList = 9F299FCE20298376001A179A /* Build configuration list for PBXNativeTarget "MethodSwizzlingDemoTests" */;
			buildPhases = (
				9F299FB320298376001A179A /* Sources */,
				9F299FB420298376001A179A /* Frameworks */,
				9F299FB520298376001A179A /* Resources */,
			);
			buildRules = (
			);
			dependencies = (
				9F299FB920298376001A179A /* PBXTargetDependency */,
			);
			name = MethodSwizzlingDemoTests;
			productName = MethodSwizzlingDemoTests;
			productReference = 9F299FB720298376001A179A /* MethodSwizzlingDemoTests.xctest */;
			productType = "com.apple.product-type.bundle.unit-test";
		};
		9F299FC120298376001A179A /* MethodSwizzlingDemoUITests */ = {
			isa = PBXNativeTarget;
			buildConfigurationList = 9F299FD120298376001A179A /* Build configuration list for PBXNativeTarget "MethodSwizzlingDemoUITests" */;
			buildPhases = (
				9F299FBE20298376001A179A /* Sources */,
				9F299FBF20298376001A179A /* Frameworks */,
				9F299FC020298376001A179A /* Resources */,
			);
			buildRules = (
			);
			dependencies = (
				9F299FC420298376001A179A /* PBXTargetDependency */,
			);
			name = MethodSwizzlingDemoUITests;
			productName = MethodSwizzlingDemoUITests;
			productReference = 9F299FC220298376001A179A /* MethodSwizzlingDemoUITests.xctest */;
			productType = "com.apple.product-type.bundle.ui-testing";
		};
/* End PBXNativeTarget section */

/* Begin PBXProject section */
		9F299F9720298376001A179A /* Project object */ = {
			isa = PBXProject;
			attributes = {
				LastUpgradeCheck = 0920;
				ORGANIZATIONNAME = "张忠瑞";
				TargetAttributes = {
					9F299F9E20298376001A179A = {
						CreatedOnToolsVersion = 9.2;
						ProvisioningStyle = Automatic;
					};
					9F299FB620298376001A179A = {
						CreatedOnToolsVersion = 9.2;
						ProvisioningStyle = Automatic;
						TestTargetID = 9F299F9E20298376001A179A;
					};
					9F299FC120298376001A179A = {
						CreatedOnToolsVersion = 9.2;
						ProvisioningStyle = Automatic;
						TestTargetID = 9F299F9E20298376001A179A;
					};
				};
			};
			buildConfigurationList = 9F299F9A20298376001A179A /* Build configuration list for PBXProject "MethodSwizzlingDemo" */;
			compatibilityVersion = "Xcode 8.0";
			developmentRegion = en;
			hasScannedForEncodings = 0;
			knownRegions = (
				en,
				Base,
			);
			mainGroup = 9F299F9620298376001A179A;
			productRefGroup = 9F299FA020298376001A179A /* Products */;
			projectDirPath = "";
			projectRoot = "";
			targets = (
				9F299F9E20298376001A179A /* MethodSwizzlingDemo */,
				9F299FB620298376001A179A /* MethodSwizzlingDemoTests */,
				9F299FC120298376001A179A /* MethodSwizzlingDemoUITests */,
			);
		};
/* End PBXProject section */

/* Begin PBXResourcesBuildPhase section */
		9F299F9D20298376001A179A /* Resources */ = {
			isa = PBXResourcesBuildPhase;
			buildActionMask = 2147483647;
			files = (
				9F299FAF20298376001A179A /* LaunchScreen.storyboard in Resources */,
				9F299FAC20298376001A179A /* Assets.xcassets in Resources */,
				9F299FAA20298376001A179A /* Main.storyboard in Resources */,
			);
			runOnlyForDeploymentPostprocessing = 0;
		};
		9F299FB520298376001A179A /* Resources */ = {
			isa = PBXResourcesBuildPhase;
			buildActionMask = 2147483647;
			files = (
			);
			runOnlyForDeploymentPostprocessing = 0;
		};
		9F299FC020298376001A179A /* Resources */ = {
			isa = PBXResourcesBuildPhase;
			buildActionMask = 2147483647;
			files = (
			);
			runOnlyForDeploymentPostprocessing = 0;
		};
/* End PBXResourcesBuildPhase section */

/* Begin PBXSourcesBuildPhase section */
		9F299F9B20298376001A179A /* Sources */ = {
			isa = PBXSourcesBuildPhase;
			buildActionMask = 2147483647;
			files = (
				9F299FDC20299400001A179A /* MSThirdViewController.m in Sources */,
				9F299FA720298376001A179A /* ViewController.m in Sources */,
				9F299FE220299432001A179A /* MSFifthViewController.m in Sources */,
				9F299FE520299879001A179A /* UIViewController+MethodSwizzling.m in Sources */,
				9F299FD6202993AA001A179A /* MSFirstViewController.m in Sources */,
				9F299FB220298376001A179A /* main.m in Sources */,
				9F299FD9202993F4001A179A /* MSSecondViewController.m in Sources */,
				9F299FDF20299420001A179A /* MSFourthViewController.m in Sources */,
				9F299FA420298376001A179A /* AppDelegate.m in Sources */,
			);
			runOnlyForDeploymentPostprocessing = 0;
		};
		9F299FB320298376001A179A /* Sources */ = {
			isa = PBXSourcesBuildPhase;
			buildActionMask = 2147483647;
			files = (
				9F299FBC20298376001A179A /* MethodSwizzlingDemoTests.m in Sources */,
			);
			runOnlyForDeploymentPostprocessing = 0;
		};
		9F299FBE20298376001A179A /* Sources */ = {
			isa = PBXSourcesBuildPhase;
			buildActionMask = 2147483647;
			files = (
				9F299FC720298376001A179A /* MethodSwizzlingDemoUITests.m in Sources */,
			);
			runOnlyForDeploymentPostprocessing = 0;
		};
/* End PBXSourcesBuildPhase section */

/* Begin PBXTargetDependency section */
		9F299FB920298376001A179A /* PBXTargetDependency */ = {
			isa = PBXTargetDependency;
			target = 9F299F9E20298376001A179A /* MethodSwizzlingDemo */;
			targetProxy = 9F299FB820298376001A179A /* PBXContainerItemProxy */;
		};
		9F299FC420298376001A179A /* PBXTargetDependency */ = {
			isa = PBXTargetDependency;
			target = 9F299F9E20298376001A179A /* MethodSwizzlingDemo */;
			targetProxy = 9F299FC320298376001A179A /* PBXContainerItemProxy */;
		};
/* End PBXTargetDependency section */

/* Begin PBXVariantGroup section */
		9F299FA820298376001A179A /* Main.storyboard */ = {
			isa = PBXVariantGroup;
			children = (
				9F299FA920298376001A179A /* Base */,
			);
			name = Main.storyboard;
			sourceTree = "<group>";
		};
		9F299FAD20298376001A179A /* LaunchScreen.storyboard */ = {
			isa = PBXVariantGroup;
			children = (
				9F299FAE20298376001A179A /* Base */,
			);
			name = LaunchScreen.storyboard;
			sourceTree = "<group>";
		};
/* End PBXVariantGroup section */

/* Begin XCBuildConfiguration section */
		9F299FC920298376001A179A /* Debug */ = {
			isa = XCBuildConfiguration;
			buildSettings = {
				ALWAYS_SEARCH_USER_PATHS = NO;
				CLANG_ANALYZER_NONNULL = YES;
				CLANG_ANALYZER_NUMBER_OBJECT_CONVERSION = YES_AGGRESSIVE;
				CLANG_CXX_LANGUAGE_STANDARD = "gnu++14";
				CLANG_CXX_LIBRARY = "libc++";
				CLANG_ENABLE_MODULES = YES;
				CLANG_ENABLE_OBJC_ARC = YES;
				CLANG_WARN_BLOCK_CAPTURE_AUTORELEASING = YES;
				CLANG_WARN_BOOL_CONVERSION = YES;
				CLANG_WARN_COMMA = YES;
				CLANG_WARN_CONSTANT_CONVERSION = YES;
				CLANG_WARN_DIRECT_OBJC_ISA_USAGE = YES_ERROR;
				CLANG_WARN_DOCUMENTATION_COMMENTS = YES;
				CLANG_WARN_EMPTY_BODY = YES;
				CLANG_WARN_ENUM_CONVERSION = YES;
				CLANG_WARN_INFINITE_RECURSION = YES;
				CLANG_WARN_INT_CONVERSION = YES;
				CLANG_WARN_NON_LITERAL_NULL_CONVERSION = YES;
				CLANG_WARN_OBJC_LITERAL_CONVERSION = YES;
				CLANG_WARN_OBJC_ROOT_CLASS = YES_ERROR;
				CLANG_WARN_RANGE_LOOP_ANALYSIS = YES;
				CLANG_WARN_STRICT_PROTOTYPES = YES;
				CLANG_WARN_SUSPICIOUS_MOVE = YES;
				CLANG_WARN_UNGUARDED_AVAILABILITY = YES_AGGRESSIVE;
				CLANG_WARN_UNREACHABLE_CODE = YES;
				CLANG_WARN__DUPLICATE_METHOD_MATCH = YES;
				CODE_SIGN_IDENTITY = "iPhone Developer";
				COPY_PHASE_STRIP = NO;
				DEBUG_INFORMATION_FORMAT = dwarf;
				ENABLE_STRICT_OBJC_MSGSEND = YES;
				ENABLE_TESTABILITY = YES;
				GCC_C_LANGUAGE_STANDARD = gnu11;
				GCC_DYNAMIC_NO_PIC = NO;
				GCC_NO_COMMON_BLOCKS = YES;
				GCC_OPTIMIZATION_LEVEL = 0;
				GCC_PREPROCESSOR_DEFINITIONS = (
					"DEBUG=1",
					"$(inherited)",
				);
				GCC_WARN_64_TO_32_BIT_CONVERSION = YES;
				GCC_WARN_ABOUT_RETURN_TYPE = YES_ERROR;
				GCC_WARN_UNDECLARED_SELECTOR = YES;
				GCC_WARN_UNINITIALIZED_AUTOS = YES_AGGRESSIVE;
				GCC_WARN_UNUSED_FUNCTION = YES;
				GCC_WARN_UNUSED_VARIABLE = YES;
				IPHONEOS_DEPLOYMENT_TARGET = 11.2;
				MTL_ENABLE_DEBUG_INFO = YES;
				ONLY_ACTIVE_ARCH = YES;
				SDKROOT = iphoneos;
			};
			name = Debug;
		};
		9F299FCA20298376001A179A /* Release */ = {
			isa = XCBuildConfiguration;
			buildSettings = {
				ALWAYS_SEARCH_USER_PATHS = NO;
				CLANG_ANALYZER_NONNULL = YES;
				CLANG_ANALYZER_NUMBER_OBJECT_CONVERSION = YES_AGGRESSIVE;
				CLANG_CXX_LANGUAGE_STANDARD = "gnu++14";
				CLANG_CXX_LIBRARY = "libc++";
				CLANG_ENABLE_MODULES = YES;
				CLANG_ENABLE_OBJC_ARC = YES;
				CLANG_WARN_BLOCK_CAPTURE_AUTORELEASING = YES;
				CLANG_WARN_BOOL_CONVERSION = YES;
				CLANG_WARN_COMMA = YES;
				CLANG_WARN_CONSTANT_CONVERSION = YES;
				CLANG_WARN_DIRECT_OBJC_ISA_USAGE = YES_ERROR;
				CLANG_WARN_DOCUMENTATION_COMMENTS = YES;
				CLANG_WARN_EMPTY_BODY = YES;
				CLANG_WARN_ENUM_CONVERSION = YES;
				CLANG_WARN_INFINITE_RECURSION = YES;
				CLANG_WARN_INT_CONVERSION = YES;
				CLANG_WARN_NON_LITERAL_NULL_CONVERSION = YES;
				CLANG_WARN_OBJC_LITERAL_CONVERSION = YES;
				CLANG_WARN_OBJC_ROOT_CLASS = YES_ERROR;
				CLANG_WARN_RANGE_LOOP_ANALYSIS = YES;
				CLANG_WARN_STRICT_PROTOTYPES = YES;
				CLANG_WARN_SUSPICIOUS_MOVE = YES;
				CLANG_WARN_UNGUARDED_AVAILABILITY = YES_AGGRESSIVE;
				CLANG_WARN_UNREACHABLE_CODE = YES;
				CLANG_WARN__DUPLICATE_METHOD_MATCH = YES;
				CODE_SIGN_IDENTITY = "iPhone Developer";
				COPY_PHASE_STRIP = NO;
				DEBUG_INFORMATION_FORMAT = "dwarf-with-dsym";
				ENABLE_NS_ASSERTIONS = NO;
				ENABLE_STRICT_OBJC_MSGSEND = YES;
				GCC_C_LANGUAGE_STANDARD = gnu11;
				GCC_NO_COMMON_BLOCKS = YES;
				GCC_WARN_64_TO_32_BIT_CONVERSION = YES;
				GCC_WARN_ABOUT_RETURN_TYPE = YES_ERROR;
				GCC_WARN_UNDECLARED_SELECTOR = YES;
				GCC_WARN_UNINITIALIZED_AUTOS = YES_AGGRESSIVE;
				GCC_WARN_UNUSED_FUNCTION = YES;
				GCC_WARN_UNUSED_VARIABLE = YES;
				IPHONEOS_DEPLOYMENT_TARGET = 11.2;
				MTL_ENABLE_DEBUG_INFO = NO;
				SDKROOT = iphoneos;
				VALIDATE_PRODUCT = YES;
			};
			name = Release;
		};
		9F299FCC20298376001A179A /* Debug */ = {
			isa = XCBuildConfiguration;
			buildSettings = {
				ASSETCATALOG_COMPILER_APPICON_NAME = AppIcon;
				CODE_SIGN_STYLE = Automatic;
				DEVELOPMENT_TEAM = JDVB837QR7;
				INFOPLIST_FILE = MethodSwizzlingDemo/Info.plist;
				LD_RUNPATH_SEARCH_PATHS = "$(inherited) @executable_path/Frameworks";
				PRODUCT_BUNDLE_IDENTIFIER = com.zzr.MethodSwizzlingDemo;
				PRODUCT_NAME = "$(TARGET_NAME)";
				TARGETED_DEVICE_FAMILY = "1,2";
			};
			name = Debug;
		};
		9F299FCD20298376001A179A /* Release */ = {
			isa = XCBuildConfiguration;
			buildSettings = {
				ASSETCATALOG_COMPILER_APPICON_NAME = AppIcon;
				CODE_SIGN_STYLE = Automatic;
				DEVELOPMENT_TEAM = JDVB837QR7;
				INFOPLIST_FILE = MethodSwizzlingDemo/Info.plist;
				LD_RUNPATH_SEARCH_PATHS = "$(inherited) @executable_path/Frameworks";
				PRODUCT_BUNDLE_IDENTIFIER = com.zzr.MethodSwizzlingDemo;
				PRODUCT_NAME = "$(TARGET_NAME)";
				TARGETED_DEVICE_FAMILY = "1,2";
			};
			name = Release;
		};
		9F299FCF20298376001A179A /* Debug */ = {
			isa = XCBuildConfiguration;
			buildSettings = {
				BUNDLE_LOADER = "$(TEST_HOST)";
				CODE_SIGN_STYLE = Automatic;
				DEVELOPMENT_TEAM = JDVB837QR7;
				INFOPLIST_FILE = MethodSwizzlingDemoTests/Info.plist;
				LD_RUNPATH_SEARCH_PATHS = "$(inherited) @executable_path/Frameworks @loader_path/Frameworks";
				PRODUCT_BUNDLE_IDENTIFIER = com.zzr.MethodSwizzlingDemoTests;
				PRODUCT_NAME = "$(TARGET_NAME)";
				TARGETED_DEVICE_FAMILY = "1,2";
				TEST_HOST = "$(BUILT_PRODUCTS_DIR)/MethodSwizzlingDemo.app/MethodSwizzlingDemo";
			};
			name = Debug;
		};
		9F299FD020298376001A179A /* Release */ = {
			isa = XCBuildConfiguration;
			buildSettings = {
				BUNDLE_LOADER = "$(TEST_HOST)";
				CODE_SIGN_STYLE = Automatic;
				DEVELOPMENT_TEAM = JDVB837QR7;
				INFOPLIST_FILE = MethodSwizzlingDemoTests/Info.plist;
				LD_RUNPATH_SEARCH_PATHS = "$(inherited) @executable_path/Frameworks @loader_path/Frameworks";
				PRODUCT_BUNDLE_IDENTIFIER = com.zzr.MethodSwizzlingDemoTests;
				PRODUCT_NAME = "$(TARGET_NAME)";
				TARGETED_DEVICE_FAMILY = "1,2";
				TEST_HOST = "$(BUILT_PRODUCTS_DIR)/MethodSwizzlingDemo.app/MethodSwizzlingDemo";
			};
			name = Release;
		};
		9F299FD220298376001A179A /* Debug */ = {
			isa = XCBuildConfiguration;
			buildSettings = {
				CODE_SIGN_STYLE = Automatic;
				DEVELOPMENT_TEAM = JDVB837QR7;
				INFOPLIST_FILE = MethodSwizzlingDemoUITests/Info.plist;
				LD_RUNPATH_SEARCH_PATHS = "$(inherited) @executable_path/Frameworks @loader_path/Frameworks";
				PRODUCT_BUNDLE_IDENTIFIER = com.zzr.MethodSwizzlingDemoUITests;
				PRODUCT_NAME = "$(TARGET_NAME)";
				TARGETED_DEVICE_FAMILY = "1,2";
				TEST_TARGET_NAME = MethodSwizzlingDemo;
			};
			name = Debug;
		};
		9F299FD320298376001A179A /* Release */ = {
			isa = XCBuildConfiguration;
			buildSettings = {
				CODE_SIGN_STYLE = Automatic;
				DEVELOPMENT_TEAM = JDVB837QR7;
				INFOPLIST_FILE = MethodSwizzlingDemoUITests/Info.plist;
				LD_RUNPATH_SEARCH_PATHS = "$(inherited) @executable_path/Frameworks @loader_path/Frameworks";
				PRODUCT_BUNDLE_IDENTIFIER = com.zzr.MethodSwizzlingDemoUITests;
				PRODUCT_NAME = "$(TARGET_NAME)";
				TARGETED_DEVICE_FAMILY = "1,2";
				TEST_TARGET_NAME = MethodSwizzlingDemo;
			};
			name = Release;
		};
/* End XCBuildConfiguration section */

/* Begin XCConfigurationList section */
		9F299F9A20298376001A179A /* Build configuration list for PBXProject "MethodSwizzlingDemo" */ = {
			isa = XCConfigurationList;
			buildConfigurations = (
				9F299FC920298376001A179A /* Debug */,
				9F299FCA20298376001A179A /* Release */,
			);
			defaultConfigurationIsVisible = 0;
			defaultConfigurationName = Release;
		};
		9F299FCB20298376001A179A /* Build configuration list for PBXNativeTarget "MethodSwizzlingDemo" */ = {
			isa = XCConfigurationList;
			buildConfigurations = (
				9F299FCC20298376001A179A /* Debug */,
				9F299FCD20298376001A179A /* Release */,
			);
			defaultConfigurationIsVisible = 0;
			defaultConfigurationName = Release;
		};
		9F299FCE20298376001A179A /* Build configuration list for PBXNativeTarget "MethodSwizzlingDemoTests" */ = {
			isa = XCConfigurationList;
			buildConfigurations = (
				9F299FCF20298376001A179A /* Debug */,
				9F299FD020298376001A179A /* Release */,
			);
			defaultConfigurationIsVisible = 0;
			defaultConfigurationName = Release;
		};
		9F299FD120298376001A179A /* Build configuration list for PBXNativeTarget "MethodSwizzlingDemoUITests" */ = {
			isa = XCConfigurationList;
			buildConfigurations = (
				9F299FD220298376001A179A /* Debug */,
				9F299FD320298376001A179A /* Release */,
			);
			defaultConfigurationIsVisible = 0;
			defaultConfigurationName = Release;
		};
/* End XCConfigurationList section */
	};
	rootObject = 9F299F9720298376001A179A /* Project object */;
}
